
Microsoft Visual Studio Solution File, Format Version 12.00
# Visual Studio Version 17
VisualStudioVersion = 17.0.32126.317
MinimumVisualStudioVersion = 10.0.40219.1
Project("{9A19103F-16F7-4668-BE54-9A1E7A4F7556}") = "Async-await", "Async-await\Async-await.csproj", "{0F81C2DA-7F21-44AA-BB95-A7D388AF0E27}"
EndProject
Project("{9A19103F-16F7-4668-BE54-9A1E7A4F7556}") = "Solid", "Solid-principles\Solid.csproj", "{243E447B-0D7A-4CAD-B89F-1D7436AF504D}"
EndProject
Project("{FAE04EC0-301F-11D3-BF4B-00C04F79EFBC}") = "Basic", "Basic\Basic.csproj", "{839E15A7-0141-42B0-AF2E-C3F4F6F72FDD}"
EndProject
Global
	GlobalSection(SolutionConfigurationPlatforms) = preSolution
		Debug|Any CPU = Debug|Any CPU
		Release|Any CPU = Release|Any CPU
	EndGlobalSection
	GlobalSection(ProjectConfigurationPlatforms) = postSolution
		{0F81C2DA-7F21-44AA-BB95-A7D388AF0E27}.Debug|Any CPU.ActiveCfg = Debug|Any CPU
		{0F81C2DA-7F21-44AA-BB95-A7D388AF0E27}.Debug|Any CPU.Build.0 = Debug|Any CPU
		{0F81C2DA-7F21-44AA-BB95-A7D388AF0E27}.Release|Any CPU.ActiveCfg = Release|Any CPU
		{0F81C2DA-7F21-44AA-BB95-A7D388AF0E27}.Release|Any CPU.Build.0 = Release|Any CPU
		{243E447B-0D7A-4CAD-B89F-1D7436AF504D}.Debug|Any CPU.ActiveCfg = Debug|Any CPU
		{243E447B-0D7A-4CAD-B89F-1D7436AF504D}.Debug|Any CPU.Build.0 = Debug|Any CPU
		{243E447B-0D7A-4CAD-B89F-1D7436AF504D}.Release|Any CPU.ActiveCfg = Release|Any CPU
		{243E447B-0D7A-4CAD-B89F-1D7436AF504D}.Release|Any CPU.Build.0 = Release|Any CPU
		{839E15A7-0141-42B0-AF2E-C3F4F6F72FDD}.Debug|Any CPU.ActiveCfg = Debug|Any CPU
		{839E15A7-0141-42B0-AF2E-C3F4F6F72FDD}.Debug|Any CPU.Build.0 = Debug|Any CPU
		{839E15A7-0141-42B0-AF2E-C3F4F6F72FDD}.Release|Any CPU.ActiveCfg = Release|Any CPU
		{839E15A7-0141-42B0-AF2E-C3F4F6F72FDD}.Release|Any CPU.Build.0 = Release|Any CPU
	EndGlobalSection
	GlobalSection(SolutionProperties) = preSolution
		HideSolutionNode = FALSE
	EndGlobalSection
	GlobalSection(ExtensibilityGlobals) = postSolution
		SolutionGuid = {13F9B13B-3854-4A84-A46F-EC6E83444F2F}
	EndGlobalSection
EndGlobal
